
Microsoft Visual Studio Solution File, Format Version 12.00
# Visual Studio Version 17
VisualStudioVersion = 17.11.35327.3
MinimumVisualStudioVersion = 10.0.40219.1
Project("{FAE04EC0-301F-11D3-BF4B-00C04F79EFBC}") = "WindowsFormsApp1-IsabellieDaviOkano", "WindowsFormsApp1-IsabellieDaviOkano\WindowsFormsApp1-IsabellieDaviOkano.csproj", "{A07461CA-A263-44FE-AAB2-3EF837342AFE}"
EndProject
Global
	GlobalSection(SolutionConfigurationPlatforms) = preSolution
		Debug|Any CPU = Debug|Any CPU
		Release|Any CPU = Release|Any CPU
	EndGlobalSection
	GlobalSection(ProjectConfigurationPlatforms) = postSolution
		{A07461CA-A263-44FE-AAB2-3EF837342AFE}.Debug|Any CPU.ActiveCfg = Debug|Any CPU
		{A07461CA-A263-44FE-AAB2-3EF837342AFE}.Debug|Any CPU.Build.0 = Debug|Any CPU
		{A07461CA-A263-44FE-AAB2-3EF837342AFE}.Release|Any CPU.ActiveCfg = Release|Any CPU
		{A07461CA-A263-44FE-AAB2-3EF837342AFE}.Release|Any CPU.Build.0 = Release|Any CPU
	EndGlobalSection
	GlobalSection(SolutionProperties) = preSolution
		HideSolutionNode = FALSE
	EndGlobalSection
	GlobalSection(ExtensibilityGlobals) = postSolution
		SolutionGuid = {46CAA7A4-BE0F-40A7-B97E-E2B4697FB161}
	EndGlobalSection
EndGlobal
